// !$*UTF8*$!
{
	archiveVersion = 1;
	classes = {
	};
	objectVersion = 46;
	objects = {

/* Begin PBXBuildFile section */
		5B1795ED1E45AEED006D8FEB /* CMoeMainViewController.swift in Sources */ = {isa = PBXBuildFile; fileRef = 5B1795EC1E45AEED006D8FEB /* CMoeMainViewController.swift */; };
		5B1795EF1E45AF35006D8FEB /* CMoeHomeTableViewController.swift in Sources */ = {isa = PBXBuildFile; fileRef = 5B1795EE1E45AF35006D8FEB /* CMoeHomeTableViewController.swift */; };
		5B1795F11E45AF4B006D8FEB /* CMoeDescoverTableViewController.swift in Sources */ = {isa = PBXBuildFile; fileRef = 5B1795F01E45AF4B006D8FEB /* CMoeDescoverTableViewController.swift */; };
		5B1795F31E45AF5A006D8FEB /* CMoeMessageTableViewController.swift in Sources */ = {isa = PBXBuildFile; fileRef = 5B1795F21E45AF5A006D8FEB /* CMoeMessageTableViewController.swift */; };
		5B1795F51E45AF65006D8FEB /* CMoeProfileTableViewController.swift in Sources */ = {isa = PBXBuildFile; fileRef = 5B1795F41E45AF65006D8FEB /* CMoeProfileTableViewController.swift */; };
		5B1795F81E45C289006D8FEB /* MainVCSettings.json in Resources */ = {isa = PBXBuildFile; fileRef = 5B1795F71E45C289006D8FEB /* MainVCSettings.json */; };
		5BD54BD91E45A51200501AC1 /* AppDelegate.swift in Sources */ = {isa = PBXBuildFile; fileRef = 5BD54BD81E45A51200501AC1 /* AppDelegate.swift */; };
		5BD54BE01E45A51200501AC1 /* Assets.xcassets in Resources */ = {isa = PBXBuildFile; fileRef = 5BD54BDF1E45A51200501AC1 /* Assets.xcassets */; };
/* End PBXBuildFile section */

/* Begin PBXFileReference section */
		5B1795EC1E45AEED006D8FEB /* CMoeMainViewController.swift */ = {isa = PBXFileReference; fileEncoding = 4; lastKnownFileType = sourcecode.swift; path = CMoeMainViewController.swift; sourceTree = "<group>"; };
		5B1795EE1E45AF35006D8FEB /* CMoeHomeTableViewController.swift */ = {isa = PBXFileReference; fileEncoding = 4; lastKnownFileType = sourcecode.swift; path = CMoeHomeTableViewController.swift; sourceTree = "<group>"; };
		5B1795F01E45AF4B006D8FEB /* CMoeDescoverTableViewController.swift */ = {isa = PBXFileReference; fileEncoding = 4; lastKnownFileType = sourcecode.swift; path = CMoeDescoverTableViewController.swift; sourceTree = "<group>"; };
		5B1795F21E45AF5A006D8FEB /* CMoeMessageTableViewController.swift */ = {isa = PBXFileReference; fileEncoding = 4; lastKnownFileType = sourcecode.swift; path = CMoeMessageTableViewController.swift; sourceTree = "<group>"; };
		5B1795F41E45AF65006D8FEB /* CMoeProfileTableViewController.swift */ = {isa = PBXFileReference; fileEncoding = 4; lastKnownFileType = sourcecode.swift; path = CMoeProfileTableViewController.swift; sourceTree = "<group>"; };
		5B1795F71E45C289006D8FEB /* MainVCSettings.json */ = {isa = PBXFileReference; fileEncoding = 4; lastKnownFileType = text.json; path = MainVCSettings.json; sourceTree = "<group>"; };
		5BD54BD51E45A51200501AC1 /* CMoeWeibo.app */ = {isa = PBXFileReference; explicitFileType = wrapper.application; includeInIndex = 0; path = CMoeWeibo.app; sourceTree = BUILT_PRODUCTS_DIR; };
		5BD54BD81E45A51200501AC1 /* AppDelegate.swift */ = {isa = PBXFileReference; lastKnownFileType = sourcecode.swift; path = AppDelegate.swift; sourceTree = "<group>"; };
		5BD54BDF1E45A51200501AC1 /* Assets.xcassets */ = {isa = PBXFileReference; lastKnownFileType = folder.assetcatalog; path = Assets.xcassets; sourceTree = "<group>"; };
		5BD54BE41E45A51200501AC1 /* Info.plist */ = {isa = PBXFileReference; lastKnownFileType = text.plist.xml; path = Info.plist; sourceTree = "<group>"; };
/* End PBXFileReference section */

/* Begin PBXFrameworksBuildPhase section */
		5BD54BD21E45A51200501AC1 /* Frameworks */ = {
			isa = PBXFrameworksBuildPhase;
			buildActionMask = 2147483647;
			files = (
			);
			runOnlyForDeploymentPostprocessing = 0;
		};
/* End PBXFrameworksBuildPhase section */

/* Begin PBXGroup section */
		5B1795E41E45AEAC006D8FEB /* Classes */ = {
			isa = PBXGroup;
			children = (
				5B1795E51E45AEAC006D8FEB /* Common */,
				5B1795E61E45AEAC006D8FEB /* Descover */,
				5B1795E71E45AEAC006D8FEB /* Home */,
				5B1795E81E45AEAC006D8FEB /* Main */,
				5B1795E91E45AEAC006D8FEB /* Message */,
				5B1795EA1E45AEAC006D8FEB /* Profile */,
				5B1795EB1E45AEAC006D8FEB /* Tools */,
			);
			path = Classes;
			sourceTree = "<group>";
		};
		5B1795E51E45AEAC006D8FEB /* Common */ = {
			isa = PBXGroup;
			children = (
			);
			path = Common;
			sourceTree = "<group>";
		};
		5B1795E61E45AEAC006D8FEB /* Descover */ = {
			isa = PBXGroup;
			children = (
				5B1795F01E45AF4B006D8FEB /* CMoeDescoverTableViewController.swift */,
			);
			path = Descover;
			sourceTree = "<group>";
		};
		5B1795E71E45AEAC006D8FEB /* Home */ = {
			isa = PBXGroup;
			children = (
				5B1795EE1E45AF35006D8FEB /* CMoeHomeTableViewController.swift */,
			);
			path = Home;
			sourceTree = "<group>";
		};
		5B1795E81E45AEAC006D8FEB /* Main */ = {
			isa = PBXGroup;
			children = (
				5B1795F61E45C25B006D8FEB /* Resource */,
				5B1795EC1E45AEED006D8FEB /* CMoeMainViewController.swift */,
			);
			path = Main;
			sourceTree = "<group>";
		};
		5B1795E91E45AEAC006D8FEB /* Message */ = {
			isa = PBXGroup;
			children = (
				5B1795F21E45AF5A006D8FEB /* CMoeMessageTableViewController.swift */,
			);
			path = Message;
			sourceTree = "<group>";
		};
		5B1795EA1E45AEAC006D8FEB /* Profile */ = {
			isa = PBXGroup;
			children = (
				5B1795F41E45AF65006D8FEB /* CMoeProfileTableViewController.swift */,
			);
			path = Profile;
			sourceTree = "<group>";
		};
		5B1795EB1E45AEAC006D8FEB /* Tools */ = {
			isa = PBXGroup;
			children = (
			);
			path = Tools;
			sourceTree = "<group>";
		};
		5B1795F61E45C25B006D8FEB /* Resource */ = {
			isa = PBXGroup;
			children = (
				5B1795F71E45C289006D8FEB /* MainVCSettings.json */,
			);
			path = Resource;
			sourceTree = "<group>";
		};
		5BD54BCC1E45A51200501AC1 = {
			isa = PBXGroup;
			children = (
				5BD54BD71E45A51200501AC1 /* CMoeWeibo */,
				5BD54BD61E45A51200501AC1 /* Products */,
			);
			sourceTree = "<group>";
		};
		5BD54BD61E45A51200501AC1 /* Products */ = {
			isa = PBXGroup;
			children = (
				5BD54BD51E45A51200501AC1 /* CMoeWeibo.app */,
			);
			name = Products;
			sourceTree = "<group>";
		};
		5BD54BD71E45A51200501AC1 /* CMoeWeibo */ = {
			isa = PBXGroup;
			children = (
				5BD54BD81E45A51200501AC1 /* AppDelegate.swift */,
				5B1795E41E45AEAC006D8FEB /* Classes */,
				5BD54BDF1E45A51200501AC1 /* Assets.xcassets */,
				5BD54BE41E45A51200501AC1 /* Info.plist */,
			);
			path = CMoeWeibo;
			sourceTree = "<group>";
		};
/* End PBXGroup section */

/* Begin PBXNativeTarget section */
		5BD54BD41E45A51200501AC1 /* CMoeWeibo */ = {
			isa = PBXNativeTarget;
			buildConfigurationList = 5BD54BE71E45A51200501AC1 /* Build configuration list for PBXNativeTarget "CMoeWeibo" */;
			buildPhases = (
				5BD54BD11E45A51200501AC1 /* Sources */,
				5BD54BD21E45A51200501AC1 /* Frameworks */,
				5BD54BD31E45A51200501AC1 /* Resources */,
			);
			buildRules = (
			);
			dependencies = (
			);
			name = CMoeWeibo;
			productName = CMoeWeibo;
			productReference = 5BD54BD51E45A51200501AC1 /* CMoeWeibo.app */;
			productType = "com.apple.product-type.application";
		};
/* End PBXNativeTarget section */

/* Begin PBXProject section */
		5BD54BCD1E45A51200501AC1 /* Project object */ = {
			isa = PBXProject;
			attributes = {
				CLASSPREFIX = CMoe;
				LastSwiftUpdateCheck = 0820;
				LastUpgradeCheck = 0820;
				ORGANIZATIONNAME = "陈晓林";
				TargetAttributes = {
					5BD54BD41E45A51200501AC1 = {
						CreatedOnToolsVersion = 8.2.1;
						DevelopmentTeam = 9AAXK9CF7E;
						ProvisioningStyle = Automatic;
					};
				};
			};
			buildConfigurationList = 5BD54BD01E45A51200501AC1 /* Build configuration list for PBXProject "CMoeWeibo" */;
			compatibilityVersion = "Xcode 3.2";
			developmentRegion = English;
			hasScannedForEncodings = 0;
			knownRegions = (
				en,
				Base,
			);
			mainGroup = 5BD54BCC1E45A51200501AC1;
			productRefGroup = 5BD54BD61E45A51200501AC1 /* Products */;
			projectDirPath = "";
			projectRoot = "";
			targets = (
				5BD54BD41E45A51200501AC1 /* CMoeWeibo */,
			);
		};
/* End PBXProject section */

/* Begin PBXResourcesBuildPhase section */
		5BD54BD31E45A51200501AC1 /* Resources */ = {
			isa = PBXResourcesBuildPhase;
			buildActionMask = 2147483647;
			files = (
				5B1795F81E45C289006D8FEB /* MainVCSettings.json in Resources */,
				5BD54BE01E45A51200501AC1 /* Assets.xcassets in Resources */,
			);
			runOnlyForDeploymentPostprocessing = 0;
		};
/* End PBXResourcesBuildPhase section */

/* Begin PBXSourcesBuildPhase section */
		5BD54BD11E45A51200501AC1 /* Sources */ = {
			isa = PBXSourcesBuildPhase;
			buildActionMask = 2147483647;
			files = (
				5B1795EF1E45AF35006D8FEB /* CMoeHomeTableViewController.swift in Sources */,
				5B1795F31E45AF5A006D8FEB /* CMoeMessageTableViewController.swift in Sources */,
				5B1795F51E45AF65006D8FEB /* CMoeProfileTableViewController.swift in Sources */,
				5B1795F11E45AF4B006D8FEB /* CMoeDescoverTableViewController.swift in Sources */,
				5BD54BD91E45A51200501AC1 /* AppDelegate.swift in Sources */,
				5B1795ED1E45AEED006D8FEB /* CMoeMainViewController.swift in Sources */,
			);
			runOnlyForDeploymentPostprocessing = 0;
		};
/* End PBXSourcesBuildPhase section */

/* Begin XCBuildConfiguration section */
		5BD54BE51E45A51200501AC1 /* Debug */ = {
			isa = XCBuildConfiguration;
			buildSettings = {
				ALWAYS_SEARCH_USER_PATHS = NO;
				CLANG_ANALYZER_NONNULL = YES;
				CLANG_CXX_LANGUAGE_STANDARD = "gnu++0x";
				CLANG_CXX_LIBRARY = "libc++";
				CLANG_ENABLE_MODULES = YES;
				CLANG_ENABLE_OBJC_ARC = YES;
				CLANG_WARN_BOOL_CONVERSION = YES;
				CLANG_WARN_CONSTANT_CONVERSION = YES;
				CLANG_WARN_DIRECT_OBJC_ISA_USAGE = YES_ERROR;
				CLANG_WARN_DOCUMENTATION_COMMENTS = YES;
				CLANG_WARN_EMPTY_BODY = YES;
				CLANG_WARN_ENUM_CONVERSION = YES;
				CLANG_WARN_INFINITE_RECURSION = YES;
				CLANG_WARN_INT_CONVERSION = YES;
				CLANG_WARN_OBJC_ROOT_CLASS = YES_ERROR;
				CLANG_WARN_SUSPICIOUS_MOVE = YES;
				CLANG_WARN_UNREACHABLE_CODE = YES;
				CLANG_WARN__DUPLICATE_METHOD_MATCH = YES;
				"CODE_SIGN_IDENTITY[sdk=iphoneos*]" = "iPhone Developer";
				COPY_PHASE_STRIP = NO;
				DEBUG_INFORMATION_FORMAT = dwarf;
				ENABLE_STRICT_OBJC_MSGSEND = YES;
				ENABLE_TESTABILITY = YES;
				GCC_C_LANGUAGE_STANDARD = gnu99;
				GCC_DYNAMIC_NO_PIC = NO;
				GCC_NO_COMMON_BLOCKS = YES;
				GCC_OPTIMIZATION_LEVEL = 0;
				GCC_PREPROCESSOR_DEFINITIONS = (
					"DEBUG=1",
					"$(inherited)",
				);
				GCC_WARN_64_TO_32_BIT_CONVERSION = YES;
				GCC_WARN_ABOUT_RETURN_TYPE = YES_ERROR;
				GCC_WARN_UNDECLARED_SELECTOR = YES;
				GCC_WARN_UNINITIALIZED_AUTOS = YES_AGGRESSIVE;
				GCC_WARN_UNUSED_FUNCTION = YES;
				GCC_WARN_UNUSED_VARIABLE = YES;
				IPHONEOS_DEPLOYMENT_TARGET = 10.2;
				MTL_ENABLE_DEBUG_INFO = YES;
				ONLY_ACTIVE_ARCH = YES;
				SDKROOT = iphoneos;
				SWIFT_ACTIVE_COMPILATION_CONDITIONS = DEBUG;
				SWIFT_OPTIMIZATION_LEVEL = "-Onone";
				TARGETED_DEVICE_FAMILY = "1,2";
			};
			name = Debug;
		};
		5BD54BE61E45A51200501AC1 /* Release */ = {
			isa = XCBuildConfiguration;
			buildSettings = {
				ALWAYS_SEARCH_USER_PATHS = NO;
				CLANG_ANALYZER_NONNULL = YES;
				CLANG_CXX_LANGUAGE_STANDARD = "gnu++0x";
				CLANG_CXX_LIBRARY = "libc++";
				CLANG_ENABLE_MODULES = YES;
				CLANG_ENABLE_OBJC_ARC = YES;
				CLANG_WARN_BOOL_CONVERSION = YES;
				CLANG_WARN_CONSTANT_CONVERSION = YES;
				CLANG_WARN_DIRECT_OBJC_ISA_USAGE = YES_ERROR;
				CLANG_WARN_DOCUMENTATION_COMMENTS = YES;
				CLANG_WARN_EMPTY_BODY = YES;
				CLANG_WARN_ENUM_CONVERSION = YES;
				CLANG_WARN_INFINITE_RECURSION = YES;
				CLANG_WARN_INT_CONVERSION = YES;
				CLANG_WARN_OBJC_ROOT_CLASS = YES_ERROR;
				CLANG_WARN_SUSPICIOUS_MOVE = YES;
				CLANG_WARN_UNREACHABLE_CODE = YES;
				CLANG_WARN__DUPLICATE_METHOD_MATCH = YES;
				"CODE_SIGN_IDENTITY[sdk=iphoneos*]" = "iPhone Developer";
				COPY_PHASE_STRIP = NO;
				DEBUG_INFORMATION_FORMAT = "dwarf-with-dsym";
				ENABLE_NS_ASSERTIONS = NO;
				ENABLE_STRICT_OBJC_MSGSEND = YES;
				GCC_C_LANGUAGE_STANDARD = gnu99;
				GCC_NO_COMMON_BLOCKS = YES;
				GCC_WARN_64_TO_32_BIT_CONVERSION = YES;
				GCC_WARN_ABOUT_RETURN_TYPE = YES_ERROR;
				GCC_WARN_UNDECLARED_SELECTOR = YES;
				GCC_WARN_UNINITIALIZED_AUTOS = YES_AGGRESSIVE;
				GCC_WARN_UNUSED_FUNCTION = YES;
				GCC_WARN_UNUSED_VARIABLE = YES;
				IPHONEOS_DEPLOYMENT_TARGET = 10.2;
				MTL_ENABLE_DEBUG_INFO = NO;
				SDKROOT = iphoneos;
				SWIFT_OPTIMIZATION_LEVEL = "-Owholemodule";
				TARGETED_DEVICE_FAMILY = "1,2";
				VALIDATE_PRODUCT = YES;
			};
			name = Release;
		};
		5BD54BE81E45A51200501AC1 /* Debug */ = {
			isa = XCBuildConfiguration;
			buildSettings = {
				ASSETCATALOG_COMPILER_APPICON_NAME = AppIcon;
				ASSETCATALOG_COMPILER_LAUNCHIMAGE_NAME = LaunchImage;
				DEVELOPMENT_TEAM = 9AAXK9CF7E;
				INFOPLIST_FILE = CMoeWeibo/Info.plist;
				LD_RUNPATH_SEARCH_PATHS = "$(inherited) @executable_path/Frameworks";
				PRODUCT_BUNDLE_IDENTIFIER = com.codermoe.CMoeWeibo;
				PRODUCT_NAME = "$(TARGET_NAME)";
				SWIFT_VERSION = 3.0;
			};
			name = Debug;
		};
		5BD54BE91E45A51200501AC1 /* Release */ = {
			isa = XCBuildConfiguration;
			buildSettings = {
				ASSETCATALOG_COMPILER_APPICON_NAME = AppIcon;
				ASSETCATALOG_COMPILER_LAUNCHIMAGE_NAME = LaunchImage;
				DEVELOPMENT_TEAM = 9AAXK9CF7E;
				INFOPLIST_FILE = CMoeWeibo/Info.plist;
				LD_RUNPATH_SEARCH_PATHS = "$(inherited) @executable_path/Frameworks";
				PRODUCT_BUNDLE_IDENTIFIER = com.codermoe.CMoeWeibo;
				PRODUCT_NAME = "$(TARGET_NAME)";
				SWIFT_VERSION = 3.0;
			};
			name = Release;
		};
/* End XCBuildConfiguration section */

/* Begin XCConfigurationList section */
		5BD54BD01E45A51200501AC1 /* Build configuration list for PBXProject "CMoeWeibo" */ = {
			isa = XCConfigurationList;
			buildConfigurations = (
				5BD54BE51E45A51200501AC1 /* Debug */,
				5BD54BE61E45A51200501AC1 /* Release */,
			);
			defaultConfigurationIsVisible = 0;
			defaultConfigurationName = Release;
		};
		5BD54BE71E45A51200501AC1 /* Build configuration list for PBXNativeTarget "CMoeWeibo" */ = {
			isa = XCConfigurationList;
			buildConfigurations = (
				5BD54BE81E45A51200501AC1 /* Debug */,
				5BD54BE91E45A51200501AC1 /* Release */,
			);
			defaultConfigurationIsVisible = 0;
			defaultConfigurationName = Release;
		};
/* End XCConfigurationList section */
	};
	rootObject = 5BD54BCD1E45A51200501AC1 /* Project object */;
}
